// !$*UTF8*$!
{
	archiveVersion = 1;
	classes = {
	};
	objectVersion = 56;
	objects = {

/* Begin PBXBuildFile section */
		6F0548542C2FD79C00FE5F3A /* vulkan_physical_device.cpp in Sources */ = {isa = PBXBuildFile; fileRef = 6F0548522C2FD79C00FE5F3A /* vulkan_physical_device.cpp */; };
		6F0548572C31C1B700FE5F3A /* application.cpp in Sources */ = {isa = PBXBuildFile; fileRef = 6F0548552C31C1B700FE5F3A /* application.cpp */; };
		6F0548602C39234600FE5F3A /* vulkan_pipeline.cpp in Sources */ = {isa = PBXBuildFile; fileRef = 6F05485E2C39234600FE5F3A /* vulkan_pipeline.cpp */; };
		6F0548642C3ACF8E00FE5F3A /* vulkan_buffer.cpp in Sources */ = {isa = PBXBuildFile; fileRef = 6F0548622C3ACF8E00FE5F3A /* vulkan_buffer.cpp */; };
		6F1319702C0C6CFE006970BE /* libvulkan.1.3.280.dylib in Frameworks */ = {isa = PBXBuildFile; fileRef = 6F13196E2C0C6CFE006970BE /* libvulkan.1.3.280.dylib */; };
		6F1319712C0C6CFE006970BE /* libvulkan.1.dylib in Frameworks */ = {isa = PBXBuildFile; fileRef = 6F13196F2C0C6CFE006970BE /* libvulkan.1.dylib */; };
		6F1319732C0C6F8B006970BE /* libglfw.3.4.dylib in Frameworks */ = {isa = PBXBuildFile; fileRef = 6F1319722C0C6F8B006970BE /* libglfw.3.4.dylib */; };
		6F1319752C0C6FF9006970BE /* libglfw.3.4.dylib in CopyFiles */ = {isa = PBXBuildFile; fileRef = 6F1319742C0C6FF9006970BE /* libglfw.3.4.dylib */; };
		6F1319782C0C7046006970BE /* libvulkan.1.dylib in CopyFiles */ = {isa = PBXBuildFile; fileRef = 6F1319762C0C7046006970BE /* libvulkan.1.dylib */; };
		6F1319792C0C7046006970BE /* libvulkan.1.3.280.dylib in CopyFiles */ = {isa = PBXBuildFile; fileRef = 6F1319772C0C7046006970BE /* libvulkan.1.3.280.dylib */; };
		6F45E19B2BD54C050015A527 /* main.cpp in Sources */ = {isa = PBXBuildFile; fileRef = 6F45E19A2BD54C050015A527 /* main.cpp */; };
		6F6ACE802C1D932D00EFC8A4 /* vulkan_core.cpp in Sources */ = {isa = PBXBuildFile; fileRef = 6F6ACE7E2C1D932D00EFC8A4 /* vulkan_core.cpp */; };
		6F6ACE862C1EC54A00EFC8A4 /* window.cpp in Sources */ = {isa = PBXBuildFile; fileRef = 6F6ACE842C1EC54A00EFC8A4 /* window.cpp */; };
		6F83ABCA2C3FB3C200DEE087 /* SceneCamera.cpp in Sources */ = {isa = PBXBuildFile; fileRef = 6F83ABC82C3FB3C200DEE087 /* SceneCamera.cpp */; };
		6F83ABD02C3FB4DA00DEE087 /* Camera.cpp in Sources */ = {isa = PBXBuildFile; fileRef = 6F83ABCE2C3FB4DA00DEE087 /* Camera.cpp */; };
/* End PBXBuildFile section */

/* Begin PBXCopyFilesBuildPhase section */
		6F45E1952BD54C050015A527 /* CopyFiles */ = {
			isa = PBXCopyFilesBuildPhase;
			buildActionMask = 12;
			dstPath = "";
			dstSubfolderSpec = 10;
			files = (
				6F1319752C0C6FF9006970BE /* libglfw.3.4.dylib in CopyFiles */,
				6F1319782C0C7046006970BE /* libvulkan.1.dylib in CopyFiles */,
				6F1319792C0C7046006970BE /* libvulkan.1.3.280.dylib in CopyFiles */,
			);
			runOnlyForDeploymentPostprocessing = 0;
		};
/* End PBXCopyFilesBuildPhase section */

/* Begin PBXFileReference section */
		6F0548522C2FD79C00FE5F3A /* vulkan_physical_device.cpp */ = {isa = PBXFileReference; lastKnownFileType = sourcecode.cpp.cpp; path = vulkan_physical_device.cpp; sourceTree = "<group>"; };
		6F0548532C2FD79C00FE5F3A /* vulkan_physical_device.hpp */ = {isa = PBXFileReference; lastKnownFileType = sourcecode.cpp.h; path = vulkan_physical_device.hpp; sourceTree = "<group>"; };
		6F0548552C31C1B700FE5F3A /* application.cpp */ = {isa = PBXFileReference; lastKnownFileType = sourcecode.cpp.cpp; path = application.cpp; sourceTree = "<group>"; };
		6F0548562C31C1B700FE5F3A /* application.hpp */ = {isa = PBXFileReference; lastKnownFileType = sourcecode.cpp.h; path = application.hpp; sourceTree = "<group>"; };
		6F0548592C390DA600FE5F3A /* vertex_shader.vert */ = {isa = PBXFileReference; lastKnownFileType = sourcecode.glsl; path = vertex_shader.vert; sourceTree = "<group>"; };
		6F05485A2C390DC000FE5F3A /* fragment_shader.frag */ = {isa = PBXFileReference; lastKnownFileType = sourcecode.glsl; path = fragment_shader.frag; sourceTree = "<group>"; };
		6F05485B2C39109500FE5F3A /* Compile.sh */ = {isa = PBXFileReference; lastKnownFileType = text.script.sh; path = Compile.sh; sourceTree = "<group>"; };
		6F05485C2C3912BF00FE5F3A /* frag.spv */ = {isa = PBXFileReference; lastKnownFileType = file; path = frag.spv; sourceTree = "<group>"; };
		6F05485D2C3912BF00FE5F3A /* vert.spv */ = {isa = PBXFileReference; lastKnownFileType = file; path = vert.spv; sourceTree = "<group>"; };
		6F05485E2C39234600FE5F3A /* vulkan_pipeline.cpp */ = {isa = PBXFileReference; lastKnownFileType = sourcecode.cpp.cpp; path = vulkan_pipeline.cpp; sourceTree = "<group>"; };
		6F05485F2C39234600FE5F3A /* vulkan_pipeline.hpp */ = {isa = PBXFileReference; lastKnownFileType = sourcecode.cpp.h; path = vulkan_pipeline.hpp; sourceTree = "<group>"; };
		6F0548612C3A790E00FE5F3A /* vk_mem_alloc.h */ = {isa = PBXFileReference; fileEncoding = 4; lastKnownFileType = sourcecode.c.h; path = vk_mem_alloc.h; sourceTree = "<group>"; };
		6F0548622C3ACF8E00FE5F3A /* vulkan_buffer.cpp */ = {isa = PBXFileReference; lastKnownFileType = sourcecode.cpp.cpp; path = vulkan_buffer.cpp; sourceTree = "<group>"; };
		6F0548632C3ACF8E00FE5F3A /* vulkan_buffer.hpp */ = {isa = PBXFileReference; lastKnownFileType = sourcecode.cpp.h; path = vulkan_buffer.hpp; sourceTree = "<group>"; };
		6F13196E2C0C6CFE006970BE /* libvulkan.1.3.280.dylib */ = {isa = PBXFileReference; lastKnownFileType = "compiled.mach-o.dylib"; name = libvulkan.1.3.280.dylib; path = ../../VulkanSDK/1.3.280.1/macOS/lib/libvulkan.1.3.280.dylib; sourceTree = "<group>"; };
		6F13196F2C0C6CFE006970BE /* libvulkan.1.dylib */ = {isa = PBXFileReference; lastKnownFileType = "compiled.mach-o.dylib"; name = libvulkan.1.dylib; path = ../../VulkanSDK/1.3.280.1/macOS/lib/libvulkan.1.dylib; sourceTree = "<group>"; };
		6F1319722C0C6F8B006970BE /* libglfw.3.4.dylib */ = {isa = PBXFileReference; lastKnownFileType = "compiled.mach-o.dylib"; name = libglfw.3.4.dylib; path = ../../../../opt/homebrew/lib/libglfw.3.4.dylib; sourceTree = "<group>"; };
		6F1319742C0C6FF9006970BE /* libglfw.3.4.dylib */ = {isa = PBXFileReference; lastKnownFileType = "compiled.mach-o.dylib"; name = libglfw.3.4.dylib; path = ../../../../opt/homebrew/lib/libglfw.3.4.dylib; sourceTree = "<group>"; };
		6F1319762C0C7046006970BE /* libvulkan.1.dylib */ = {isa = PBXFileReference; lastKnownFileType = "compiled.mach-o.dylib"; name = libvulkan.1.dylib; path = ../../VulkanSDK/1.3.280.1/macOS/lib/libvulkan.1.dylib; sourceTree = "<group>"; };
		6F1319772C0C7046006970BE /* libvulkan.1.3.280.dylib */ = {isa = PBXFileReference; lastKnownFileType = "compiled.mach-o.dylib"; name = libvulkan.1.3.280.dylib; path = ../../VulkanSDK/1.3.280.1/macOS/lib/libvulkan.1.3.280.dylib; sourceTree = "<group>"; };
		6F45E1972BD54C050015A527 /* vulkan_learning */ = {isa = PBXFileReference; explicitFileType = "compiled.mach-o.executable"; includeInIndex = 0; path = vulkan_learning; sourceTree = BUILT_PRODUCTS_DIR; };
		6F45E19A2BD54C050015A527 /* main.cpp */ = {isa = PBXFileReference; lastKnownFileType = sourcecode.cpp.cpp; path = main.cpp; sourceTree = "<group>"; };
		6F6ACE7E2C1D932D00EFC8A4 /* vulkan_core.cpp */ = {isa = PBXFileReference; lastKnownFileType = sourcecode.cpp.cpp; path = vulkan_core.cpp; sourceTree = "<group>"; };
		6F6ACE7F2C1D932D00EFC8A4 /* vulkan_core.hpp */ = {isa = PBXFileReference; lastKnownFileType = sourcecode.cpp.h; path = vulkan_core.hpp; sourceTree = "<group>"; };
		6F6ACE822C1EA66700EFC8A4 /* utils.h */ = {isa = PBXFileReference; lastKnownFileType = sourcecode.c.h; path = utils.h; sourceTree = "<group>"; };
		6F6ACE842C1EC54A00EFC8A4 /* window.cpp */ = {isa = PBXFileReference; lastKnownFileType = sourcecode.cpp.cpp; path = window.cpp; sourceTree = "<group>"; };
		6F6ACE852C1EC54A00EFC8A4 /* window.hpp */ = {isa = PBXFileReference; lastKnownFileType = sourcecode.cpp.h; path = window.hpp; sourceTree = "<group>"; };
		6F83ABC82C3FB3C200DEE087 /* SceneCamera.cpp */ = {isa = PBXFileReference; lastKnownFileType = sourcecode.cpp.cpp; path = SceneCamera.cpp; sourceTree = "<group>"; };
		6F83ABC92C3FB3C200DEE087 /* SceneCamera.hpp */ = {isa = PBXFileReference; lastKnownFileType = sourcecode.cpp.h; path = SceneCamera.hpp; sourceTree = "<group>"; };
		6F83ABCE2C3FB4DA00DEE087 /* Camera.cpp */ = {isa = PBXFileReference; lastKnownFileType = sourcecode.cpp.cpp; path = Camera.cpp; sourceTree = "<group>"; };
		6F83ABCF2C3FB4DA00DEE087 /* Camera.hpp */ = {isa = PBXFileReference; lastKnownFileType = sourcecode.cpp.h; path = Camera.hpp; sourceTree = "<group>"; };
/* End PBXFileReference section */

/* Begin PBXFrameworksBuildPhase section */
		6F45E1942BD54C050015A527 /* Frameworks */ = {
			isa = PBXFrameworksBuildPhase;
			buildActionMask = 2147483647;
			files = (
				6F1319702C0C6CFE006970BE /* libvulkan.1.3.280.dylib in Frameworks */,
				6F1319712C0C6CFE006970BE /* libvulkan.1.dylib in Frameworks */,
				6F1319732C0C6F8B006970BE /* libglfw.3.4.dylib in Frameworks */,
			);
			runOnlyForDeploymentPostprocessing = 0;
		};
/* End PBXFrameworksBuildPhase section */

/* Begin PBXGroup section */
		6F0548582C390D5100FE5F3A /* Shaders */ = {
			isa = PBXGroup;
			children = (
				6F05485C2C3912BF00FE5F3A /* frag.spv */,
				6F05485D2C3912BF00FE5F3A /* vert.spv */,
				6F0548592C390DA600FE5F3A /* vertex_shader.vert */,
				6F05485A2C390DC000FE5F3A /* fragment_shader.frag */,
				6F05485B2C39109500FE5F3A /* Compile.sh */,
			);
			path = Shaders;
			sourceTree = "<group>";
		};
		6F13196D2C0C6CFE006970BE /* Frameworks */ = {
			isa = PBXGroup;
			children = (
				6F1319722C0C6F8B006970BE /* libglfw.3.4.dylib */,
				6F13196E2C0C6CFE006970BE /* libvulkan.1.3.280.dylib */,
				6F13196F2C0C6CFE006970BE /* libvulkan.1.dylib */,
			);
			name = Frameworks;
			sourceTree = "<group>";
		};
		6F45E18E2BD54C050015A527 = {
			isa = PBXGroup;
			children = (
				6F1319772C0C7046006970BE /* libvulkan.1.3.280.dylib */,
				6F1319762C0C7046006970BE /* libvulkan.1.dylib */,
				6F1319742C0C6FF9006970BE /* libglfw.3.4.dylib */,
				6F45E1992BD54C050015A527 /* RenderingEngine */,
				6F45E1982BD54C050015A527 /* Products */,
				6F13196D2C0C6CFE006970BE /* Frameworks */,
			);
			sourceTree = "<group>";
		};
		6F45E1982BD54C050015A527 /* Products */ = {
			isa = PBXGroup;
			children = (
				6F45E1972BD54C050015A527 /* vulkan_learning */,
			);
			name = Products;
			sourceTree = "<group>";
		};
		6F45E1992BD54C050015A527 /* RenderingEngine */ = {
			isa = PBXGroup;
			children = (
				6F83ABC72C3FA62B00DEE087 /* Camera */,
				6F0548582C390D5100FE5F3A /* Shaders */,
				6F6ACE832C1EC51900EFC8A4 /* Window */,
				6F6ACE812C1DED4600EFC8A4 /* VulkanAPI */,
				6F45E19A2BD54C050015A527 /* main.cpp */,
				6F0548552C31C1B700FE5F3A /* application.cpp */,
				6F0548562C31C1B700FE5F3A /* application.hpp */,
			);
			path = RenderingEngine;
			sourceTree = "<group>";
		};
		6F6ACE812C1DED4600EFC8A4 /* VulkanAPI */ = {
			isa = PBXGroup;
			children = (
				6F0548612C3A790E00FE5F3A /* vk_mem_alloc.h */,
				6F6ACE7E2C1D932D00EFC8A4 /* vulkan_core.cpp */,
				6F6ACE7F2C1D932D00EFC8A4 /* vulkan_core.hpp */,
				6F6ACE822C1EA66700EFC8A4 /* utils.h */,
				6F0548522C2FD79C00FE5F3A /* vulkan_physical_device.cpp */,
				6F0548532C2FD79C00FE5F3A /* vulkan_physical_device.hpp */,
				6F05485E2C39234600FE5F3A /* vulkan_pipeline.cpp */,
				6F05485F2C39234600FE5F3A /* vulkan_pipeline.hpp */,
				6F0548622C3ACF8E00FE5F3A /* vulkan_buffer.cpp */,
				6F0548632C3ACF8E00FE5F3A /* vulkan_buffer.hpp */,
			);
			path = VulkanAPI;
			sourceTree = "<group>";
		};
		6F6ACE832C1EC51900EFC8A4 /* Window */ = {
			isa = PBXGroup;
			children = (
				6F6ACE842C1EC54A00EFC8A4 /* window.cpp */,
				6F6ACE852C1EC54A00EFC8A4 /* window.hpp */,
			);
			path = Window;
			sourceTree = "<group>";
		};
		6F83ABC72C3FA62B00DEE087 /* Camera */ = {
			isa = PBXGroup;
			children = (
				6F83ABC82C3FB3C200DEE087 /* SceneCamera.cpp */,
				6F83ABC92C3FB3C200DEE087 /* SceneCamera.hpp */,
				6F83ABCE2C3FB4DA00DEE087 /* Camera.cpp */,
				6F83ABCF2C3FB4DA00DEE087 /* Camera.hpp */,
			);
			path = Camera;
			sourceTree = "<group>";
		};
/* End PBXGroup section */

/* Begin PBXNativeTarget section */
		6F45E1962BD54C050015A527 /* vulkan_learning */ = {
			isa = PBXNativeTarget;
			buildConfigurationList = 6F45E19E2BD54C050015A527 /* Build configuration list for PBXNativeTarget "vulkan_learning" */;
			buildPhases = (
				6F45E1932BD54C050015A527 /* Sources */,
				6F45E1942BD54C050015A527 /* Frameworks */,
				6F45E1952BD54C050015A527 /* CopyFiles */,
			);
			buildRules = (
			);
			dependencies = (
			);
			name = vulkan_learning;
			productName = vulkan_learning;
			productReference = 6F45E1972BD54C050015A527 /* vulkan_learning */;
			productType = "com.apple.product-type.tool";
		};
/* End PBXNativeTarget section */

/* Begin PBXProject section */
		6F45E18F2BD54C050015A527 /* Project object */ = {
			isa = PBXProject;
			attributes = {
				BuildIndependentTargetsInParallel = 1;
				LastUpgradeCheck = 1540;
				TargetAttributes = {
					6F45E1962BD54C050015A527 = {
						CreatedOnToolsVersion = 15.3;
					};
				};
			};
			buildConfigurationList = 6F45E1922BD54C050015A527 /* Build configuration list for PBXProject "vulkan_learning" */;
			compatibilityVersion = "Xcode 14.0";
			developmentRegion = en;
			hasScannedForEncodings = 0;
			knownRegions = (
				en,
				Base,
			);
			mainGroup = 6F45E18E2BD54C050015A527;
			productRefGroup = 6F45E1982BD54C050015A527 /* Products */;
			projectDirPath = "";
			projectRoot = "";
			targets = (
				6F45E1962BD54C050015A527 /* vulkan_learning */,
			);
		};
/* End PBXProject section */

/* Begin PBXSourcesBuildPhase section */
		6F45E1932BD54C050015A527 /* Sources */ = {
			isa = PBXSourcesBuildPhase;
			buildActionMask = 2147483647;
			files = (
				6F0548642C3ACF8E00FE5F3A /* vulkan_buffer.cpp in Sources */,
				6F6ACE862C1EC54A00EFC8A4 /* window.cpp in Sources */,
				6F45E19B2BD54C050015A527 /* main.cpp in Sources */,
				6F0548602C39234600FE5F3A /* vulkan_pipeline.cpp in Sources */,
				6F83ABD02C3FB4DA00DEE087 /* Camera.cpp in Sources */,
				6F6ACE802C1D932D00EFC8A4 /* vulkan_core.cpp in Sources */,
				6F0548542C2FD79C00FE5F3A /* vulkan_physical_device.cpp in Sources */,
				6F0548572C31C1B700FE5F3A /* application.cpp in Sources */,
				6F83ABCA2C3FB3C200DEE087 /* SceneCamera.cpp in Sources */,
			);
			runOnlyForDeploymentPostprocessing = 0;
		};
/* End PBXSourcesBuildPhase section */

/* Begin XCBuildConfiguration section */
		6F45E19C2BD54C050015A527 /* Debug */ = {
			isa = XCBuildConfiguration;
			buildSettings = {
				ALWAYS_SEARCH_USER_PATHS = NO;
				ASSETCATALOG_COMPILER_GENERATE_SWIFT_ASSET_SYMBOL_EXTENSIONS = YES;
				CLANG_ANALYZER_NONNULL = YES;
				CLANG_ANALYZER_NUMBER_OBJECT_CONVERSION = YES_AGGRESSIVE;
				CLANG_CXX_LANGUAGE_STANDARD = "gnu++20";
				CLANG_ENABLE_MODULES = YES;
				CLANG_ENABLE_OBJC_ARC = YES;
				CLANG_ENABLE_OBJC_WEAK = YES;
				CLANG_WARN_BLOCK_CAPTURE_AUTORELEASING = YES;
				CLANG_WARN_BOOL_CONVERSION = YES;
				CLANG_WARN_COMMA = YES;
				CLANG_WARN_CONSTANT_CONVERSION = YES;
				CLANG_WARN_DEPRECATED_OBJC_IMPLEMENTATIONS = YES;
				CLANG_WARN_DIRECT_OBJC_ISA_USAGE = YES_ERROR;
				CLANG_WARN_DOCUMENTATION_COMMENTS = YES;
				CLANG_WARN_EMPTY_BODY = YES;
				CLANG_WARN_ENUM_CONVERSION = YES;
				CLANG_WARN_INFINITE_RECURSION = YES;
				CLANG_WARN_INT_CONVERSION = YES;
				CLANG_WARN_NON_LITERAL_NULL_CONVERSION = YES;
				CLANG_WARN_OBJC_IMPLICIT_RETAIN_SELF = YES;
				CLANG_WARN_OBJC_LITERAL_CONVERSION = YES;
				CLANG_WARN_OBJC_ROOT_CLASS = YES_ERROR;
				CLANG_WARN_QUOTED_INCLUDE_IN_FRAMEWORK_HEADER = YES;
				CLANG_WARN_RANGE_LOOP_ANALYSIS = YES;
				CLANG_WARN_STRICT_PROTOTYPES = YES;
				CLANG_WARN_SUSPICIOUS_MOVE = YES;
				CLANG_WARN_UNGUARDED_AVAILABILITY = YES_AGGRESSIVE;
				CLANG_WARN_UNREACHABLE_CODE = YES;
				CLANG_WARN__DUPLICATE_METHOD_MATCH = YES;
				COPY_PHASE_STRIP = NO;
				DEAD_CODE_STRIPPING = YES;
				DEBUG_INFORMATION_FORMAT = dwarf;
				ENABLE_STRICT_OBJC_MSGSEND = YES;
				ENABLE_TESTABILITY = YES;
				ENABLE_USER_SCRIPT_SANDBOXING = YES;
				GCC_C_LANGUAGE_STANDARD = gnu17;
				GCC_DYNAMIC_NO_PIC = NO;
				GCC_NO_COMMON_BLOCKS = YES;
				GCC_OPTIMIZATION_LEVEL = 0;
				GCC_PREPROCESSOR_DEFINITIONS = (
					"DEBUG=1",
					"$(inherited)",
				);
				GCC_WARN_64_TO_32_BIT_CONVERSION = YES;
				GCC_WARN_ABOUT_RETURN_TYPE = YES_ERROR;
				GCC_WARN_UNDECLARED_SELECTOR = YES;
				GCC_WARN_UNINITIALIZED_AUTOS = YES_AGGRESSIVE;
				GCC_WARN_UNUSED_FUNCTION = YES;
				GCC_WARN_UNUSED_VARIABLE = YES;
				LOCALIZATION_PREFERS_STRING_CATALOGS = YES;
				MACOSX_DEPLOYMENT_TARGET = 14.4;
				MTL_ENABLE_DEBUG_INFO = INCLUDE_SOURCE;
				MTL_FAST_MATH = YES;
				ONLY_ACTIVE_ARCH = YES;
				SDKROOT = macosx;
			};
			name = Debug;
		};
		6F45E19D2BD54C050015A527 /* Release */ = {
			isa = XCBuildConfiguration;
			buildSettings = {
				ALWAYS_SEARCH_USER_PATHS = NO;
				ASSETCATALOG_COMPILER_GENERATE_SWIFT_ASSET_SYMBOL_EXTENSIONS = YES;
				CLANG_ANALYZER_NONNULL = YES;
				CLANG_ANALYZER_NUMBER_OBJECT_CONVERSION = YES_AGGRESSIVE;
				CLANG_CXX_LANGUAGE_STANDARD = "gnu++20";
				CLANG_ENABLE_MODULES = YES;
				CLANG_ENABLE_OBJC_ARC = YES;
				CLANG_ENABLE_OBJC_WEAK = YES;
				CLANG_WARN_BLOCK_CAPTURE_AUTORELEASING = YES;
				CLANG_WARN_BOOL_CONVERSION = YES;
				CLANG_WARN_COMMA = YES;
				CLANG_WARN_CONSTANT_CONVERSION = YES;
				CLANG_WARN_DEPRECATED_OBJC_IMPLEMENTATIONS = YES;
				CLANG_WARN_DIRECT_OBJC_ISA_USAGE = YES_ERROR;
				CLANG_WARN_DOCUMENTATION_COMMENTS = YES;
				CLANG_WARN_EMPTY_BODY = YES;
				CLANG_WARN_ENUM_CONVERSION = YES;
				CLANG_WARN_INFINITE_RECURSION = YES;
				CLANG_WARN_INT_CONVERSION = YES;
				CLANG_WARN_NON_LITERAL_NULL_CONVERSION = YES;
				CLANG_WARN_OBJC_IMPLICIT_RETAIN_SELF = YES;
				CLANG_WARN_OBJC_LITERAL_CONVERSION = YES;
				CLANG_WARN_OBJC_ROOT_CLASS = YES_ERROR;
				CLANG_WARN_QUOTED_INCLUDE_IN_FRAMEWORK_HEADER = YES;
				CLANG_WARN_RANGE_LOOP_ANALYSIS = YES;
				CLANG_WARN_STRICT_PROTOTYPES = YES;
				CLANG_WARN_SUSPICIOUS_MOVE = YES;
				CLANG_WARN_UNGUARDED_AVAILABILITY = YES_AGGRESSIVE;
				CLANG_WARN_UNREACHABLE_CODE = YES;
				CLANG_WARN__DUPLICATE_METHOD_MATCH = YES;
				COPY_PHASE_STRIP = NO;
				DEAD_CODE_STRIPPING = YES;
				DEBUG_INFORMATION_FORMAT = "dwarf-with-dsym";
				ENABLE_NS_ASSERTIONS = NO;
				ENABLE_STRICT_OBJC_MSGSEND = YES;
				ENABLE_USER_SCRIPT_SANDBOXING = YES;
				GCC_C_LANGUAGE_STANDARD = gnu17;
				GCC_NO_COMMON_BLOCKS = YES;
				GCC_WARN_64_TO_32_BIT_CONVERSION = YES;
				GCC_WARN_ABOUT_RETURN_TYPE = YES_ERROR;
				GCC_WARN_UNDECLARED_SELECTOR = YES;
				GCC_WARN_UNINITIALIZED_AUTOS = YES_AGGRESSIVE;
				GCC_WARN_UNUSED_FUNCTION = YES;
				GCC_WARN_UNUSED_VARIABLE = YES;
				LOCALIZATION_PREFERS_STRING_CATALOGS = YES;
				MACOSX_DEPLOYMENT_TARGET = 14.4;
				MTL_ENABLE_DEBUG_INFO = NO;
				MTL_FAST_MATH = YES;
				SDKROOT = macosx;
			};
			name = Release;
		};
		6F45E19F2BD54C050015A527 /* Debug */ = {
			isa = XCBuildConfiguration;
			buildSettings = {
				CODE_SIGN_STYLE = Automatic;
				DEAD_CODE_STRIPPING = YES;
				HEADER_SEARCH_PATHS = (
					/opt/homebrew/include,
					/Users/avataar/VulkanSDK/1.3.280.1/macOS/include,
				);
				LIBRARY_SEARCH_PATHS = (
					/opt/homebrew/lib,
					/Users/avataar/VulkanSDK/1.3.280.1/macOS/lib,
				);
				PRODUCT_NAME = "$(TARGET_NAME)";
			};
			name = Debug;
		};
		6F45E1A02BD54C050015A527 /* Release */ = {
			isa = XCBuildConfiguration;
			buildSettings = {
				CODE_SIGN_STYLE = Automatic;
				DEAD_CODE_STRIPPING = YES;
				HEADER_SEARCH_PATHS = (
					/opt/homebrew/include,
					/Users/avataar/VulkanSDK/1.3.280.1/macOS/include,
				);
				LIBRARY_SEARCH_PATHS = (
					/opt/homebrew/lib,
					/Users/avataar/VulkanSDK/1.3.280.1/macOS/lib,
				);
				PRODUCT_NAME = "$(TARGET_NAME)";
			};
			name = Release;
		};
/* End XCBuildConfiguration section */

/* Begin XCConfigurationList section */
		6F45E1922BD54C050015A527 /* Build configuration list for PBXProject "vulkan_learning" */ = {
			isa = XCConfigurationList;
			buildConfigurations = (
				6F45E19C2BD54C050015A527 /* Debug */,
				6F45E19D2BD54C050015A527 /* Release */,
			);
			defaultConfigurationIsVisible = 0;
			defaultConfigurationName = Release;
		};
		6F45E19E2BD54C050015A527 /* Build configuration list for PBXNativeTarget "vulkan_learning" */ = {
			isa = XCConfigurationList;
			buildConfigurations = (
				6F45E19F2BD54C050015A527 /* Debug */,
				6F45E1A02BD54C050015A527 /* Release */,
			);
			defaultConfigurationIsVisible = 0;
			defaultConfigurationName = Release;
		};
/* End XCConfigurationList section */
	};
	rootObject = 6F45E18F2BD54C050015A527 /* Project object */;
}
